
Microsoft Visual Studio Solution File, Format Version 12.00
# Visual Studio Version 17
VisualStudioVersion = 17.12.35514.174 d17.12
MinimumVisualStudioVersion = 10.0.40219.1
Project("{FAE04EC0-301F-11D3-BF4B-00C04F79EFBC}") = "HotcakesOrders", "HotcakesOrders\HotcakesOrders.csproj", "{53AF91F1-96B1-481F-97A1-0C26E31ACEFB}"
EndProject
Global
	GlobalSection(SolutionConfigurationPlatforms) = preSolution
		Debug|Any CPU = Debug|Any CPU
		Release|Any CPU = Release|Any CPU
	EndGlobalSection
	GlobalSection(ProjectConfigurationPlatforms) = postSolution
		{53AF91F1-96B1-481F-97A1-0C26E31ACEFB}.Debug|Any CPU.ActiveCfg = Debug|Any CPU
		{53AF91F1-96B1-481F-97A1-0C26E31ACEFB}.Debug|Any CPU.Build.0 = Debug|Any CPU
		{53AF91F1-96B1-481F-97A1-0C26E31ACEFB}.Release|Any CPU.ActiveCfg = Release|Any CPU
		{53AF91F1-96B1-481F-97A1-0C26E31ACEFB}.Release|Any CPU.Build.0 = Release|Any CPU
	EndGlobalSection
	GlobalSection(SolutionProperties) = preSolution
		HideSolutionNode = FALSE
	EndGlobalSection
EndGlobal
